
Microsoft Visual Studio Solution File, Format Version 12.00
# Visual Studio Version 17
VisualStudioVersion = 17.8.34330.188
MinimumVisualStudioVersion = 10.0.40219.1
Project("{2150E333-8FDC-42A3-9474-1A3956D46DE8}") = "src", "src", "{0A83C4D3-55A5-4EFF-96C7-F5524DFE6A3A}"
EndProject
Project("{FAE04EC0-301F-11D3-BF4B-00C04F79EFBC}") = "ApiNetJoke.Api", "src\ApiNetJoke.Api\ApiNetJoke.Api.csproj", "{68D8144E-460E-4435-9756-7B143660D666}"
EndProject
Project("{FAE04EC0-301F-11D3-BF4B-00C04F79EFBC}") = "ApiNetJoke.Business", "src\ApiNetJoke.Business\ApiNetJoke.Business.csproj", "{CC80A1BE-DB15-49C7-8C6F-853CE218901B}"
EndProject
Project("{2150E333-8FDC-42A3-9474-1A3956D46DE8}") = "tests", "tests", "{089C4D2A-22D3-4EA7-BF55-C59258DE0AE8}"
EndProject
Project("{FAE04EC0-301F-11D3-BF4B-00C04F79EFBC}") = "ApiNetJoke.Business.UnitTests", "tests\ApiNetJoke.Business.UnitTests\ApiNetJoke.Business.UnitTests.csproj", "{ABAC30A3-8322-4BD2-AD6C-3FAF4D28655A}"
EndProject
Project("{FAE04EC0-301F-11D3-BF4B-00C04F79EFBC}") = "ApiNetJoke.Models", "ApiNetJoke.Models\ApiNetJoke.Models.csproj", "{517D75B4-473D-4926-838D-540F70E257F7}"
EndProject
Global
	GlobalSection(SolutionConfigurationPlatforms) = preSolution
		Debug|Any CPU = Debug|Any CPU
		Release|Any CPU = Release|Any CPU
	EndGlobalSection
	GlobalSection(ProjectConfigurationPlatforms) = postSolution
		{68D8144E-460E-4435-9756-7B143660D666}.Debug|Any CPU.ActiveCfg = Debug|Any CPU
		{68D8144E-460E-4435-9756-7B143660D666}.Debug|Any CPU.Build.0 = Debug|Any CPU
		{68D8144E-460E-4435-9756-7B143660D666}.Release|Any CPU.ActiveCfg = Release|Any CPU
		{68D8144E-460E-4435-9756-7B143660D666}.Release|Any CPU.Build.0 = Release|Any CPU
		{CC80A1BE-DB15-49C7-8C6F-853CE218901B}.Debug|Any CPU.ActiveCfg = Debug|Any CPU
		{CC80A1BE-DB15-49C7-8C6F-853CE218901B}.Debug|Any CPU.Build.0 = Debug|Any CPU
		{CC80A1BE-DB15-49C7-8C6F-853CE218901B}.Release|Any CPU.ActiveCfg = Release|Any CPU
		{CC80A1BE-DB15-49C7-8C6F-853CE218901B}.Release|Any CPU.Build.0 = Release|Any CPU
		{ABAC30A3-8322-4BD2-AD6C-3FAF4D28655A}.Debug|Any CPU.ActiveCfg = Debug|Any CPU
		{ABAC30A3-8322-4BD2-AD6C-3FAF4D28655A}.Debug|Any CPU.Build.0 = Debug|Any CPU
		{ABAC30A3-8322-4BD2-AD6C-3FAF4D28655A}.Release|Any CPU.ActiveCfg = Release|Any CPU
		{ABAC30A3-8322-4BD2-AD6C-3FAF4D28655A}.Release|Any CPU.Build.0 = Release|Any CPU
		{517D75B4-473D-4926-838D-540F70E257F7}.Debug|Any CPU.ActiveCfg = Debug|Any CPU
		{517D75B4-473D-4926-838D-540F70E257F7}.Debug|Any CPU.Build.0 = Debug|Any CPU
		{517D75B4-473D-4926-838D-540F70E257F7}.Release|Any CPU.ActiveCfg = Release|Any CPU
		{517D75B4-473D-4926-838D-540F70E257F7}.Release|Any CPU.Build.0 = Release|Any CPU
	EndGlobalSection
	GlobalSection(SolutionProperties) = preSolution
		HideSolutionNode = FALSE
	EndGlobalSection
	GlobalSection(NestedProjects) = preSolution
		{68D8144E-460E-4435-9756-7B143660D666} = {0A83C4D3-55A5-4EFF-96C7-F5524DFE6A3A}
		{CC80A1BE-DB15-49C7-8C6F-853CE218901B} = {0A83C4D3-55A5-4EFF-96C7-F5524DFE6A3A}
		{ABAC30A3-8322-4BD2-AD6C-3FAF4D28655A} = {089C4D2A-22D3-4EA7-BF55-C59258DE0AE8}
		{517D75B4-473D-4926-838D-540F70E257F7} = {0A83C4D3-55A5-4EFF-96C7-F5524DFE6A3A}
	EndGlobalSection
	GlobalSection(ExtensibilityGlobals) = postSolution
		SolutionGuid = {9E93E8DF-0067-4BEC-93D7-A4791D573C0E}
	EndGlobalSection
EndGlobal
